
Microsoft Visual Studio Solution File, Format Version 12.00
# Visual Studio 15
VisualStudioVersion = 15.0.26730.12
MinimumVisualStudioVersion = 10.0.40219.1
Project("{FAE04EC0-301F-11D3-BF4B-00C04F79EFBC}") = "WindowsFormsApp1", "WindowsFormsApp1\WindowsFormsApp1.csproj", "{2148967E-F867-4CAE-8A71-6E54F5AFB70C}"
EndProject
Global
	GlobalSection(SolutionConfigurationPlatforms) = preSolution
		Debug|Any CPU = Debug|Any CPU
		Release|Any CPU = Release|Any CPU
	EndGlobalSection
	GlobalSection(ProjectConfigurationPlatforms) = postSolution
		{2148967E-F867-4CAE-8A71-6E54F5AFB70C}.Debug|Any CPU.ActiveCfg = Debug|Any CPU
		{2148967E-F867-4CAE-8A71-6E54F5AFB70C}.Debug|Any CPU.Build.0 = Debug|Any CPU
		{2148967E-F867-4CAE-8A71-6E54F5AFB70C}.Release|Any CPU.ActiveCfg = Release|Any CPU
		{2148967E-F867-4CAE-8A71-6E54F5AFB70C}.Release|Any CPU.Build.0 = Release|Any CPU
	EndGlobalSection
	GlobalSection(SolutionProperties) = preSolution
		HideSolutionNode = FALSE
	EndGlobalSection
	GlobalSection(ExtensibilityGlobals) = postSolution
		SolutionGuid = {5BDF55A4-8BFC-461A-A7CF-29184F1C3785}
	EndGlobalSection
EndGlobal
